{
  "lockfileVersion": 1,
  "configVersion": 1,
  "workspaces": {
    "": {
      "name": "clivia",
      "dependencies": {
        "gramio": "^0.8.1",
        "marked": "^18.0.2",
      },
      "devDependencies": {
        "@types/bun": "latest",
      },
      "peerDependencies": {
        "typescript": "^5",
      },
    },
  },
  "packages": {
    "@gramio/callback-data": ["@gramio/callback-data@0.1.0", "", {}, "sha512-eqpR2Bod7dySDLDu8RB3xJdcrwyE3ZrhHaP+v0xOqWbgOCGY+gZp37E2E0KeXq/ko/8DLp3XeTaQD61++kiK6A=="],

    "@gramio/composer": ["@gramio/composer@0.4.1", "", {}, "sha512-oGW1Kj0wiAD1NpORhxDSt9/WId2GANOwYmwlI3bivf4LGEEWB1kokcDW6Ji5/s3FwcK17YjTq1wWtgk0Z/uHnQ=="],

    "@gramio/contexts": ["@gramio/contexts@0.5.0", "", { "peerDependencies": { "@gramio/types": "9.5.0", "inspectable": "^3.0.1" } }, "sha512-hSdzLSk0SVQC4jaEwYvxjdzrdxgKYshkwzCIUOHxetlBn5leXIZfyecEBBYbgaH7kqasrci6SIipE1rzGxTTSA=="],

    "@gramio/files": ["@gramio/files@0.3.2", "", { "dependencies": { "@gramio/types": ">=9.5.0" } }, "sha512-8ZGNd9OqiaBh4uvYe2tWxCdTH3P8habxfZI86xC1LrrGRm7zqanWFGKeYG5qP4FC96aIE6lbk959M+ew6VzrHQ=="],

    "@gramio/format": ["@gramio/format@0.5.0", "", { "dependencies": { "@gramio/types": "^9.5.0" }, "peerDependencies": { "marked": "^15.0.11", "node-html-parser": ">=6.0.0" }, "optionalPeers": ["marked", "node-html-parser"] }, "sha512-aVW3XfmrTQHiDeUB0Ps0S7z9L2Kxvn9RL193rAWxtsj6aW0EUNRUyVhJw9zk4Q1fmnWaO3kqUAHDrcce5d36ng=="],

    "@gramio/keyboards": ["@gramio/keyboards@1.3.1", "", { "dependencies": { "@gramio/types": ">=9.5.0" } }, "sha512-yUNRMCXgUxbP+A96jdRvsM/VCS2vBBA/tJ1hk+AV2ernKKAR8MYgGJ9lkAbArK6NHvSwKK3TLytRaRcY5wZQrA=="],

    "@gramio/types": ["@gramio/types@9.5.0", "", {}, "sha512-bpOxXjtsabZpm2TTvr0QA4XJKPVeIoN0scMFuViUaLb1FbtQ+yp4hGz0XUKHVUTr39TzPV4ICANNX5b5uMtTKw=="],

    "@types/bun": ["@types/bun@1.3.11", "", { "dependencies": { "bun-types": "1.3.11" } }, "sha512-5vPne5QvtpjGpsGYXiFyycfpDF2ECyPcTSsFBMa0fraoxiQyMJ3SmuQIGhzPg2WJuWxVBoxWJ2kClYTcw/4fAg=="],

    "@types/node": ["@types/node@25.5.0", "", { "dependencies": { "undici-types": "~7.18.0" } }, "sha512-jp2P3tQMSxWugkCUKLRPVUpGaL5MVFwF8RDuSRztfwgN1wmqJeMSbKlnEtQqU8UrhTmzEmZdu2I6v2dpp7XIxw=="],

    "bun-types": ["bun-types@1.3.11", "", { "dependencies": { "@types/node": "*" } }, "sha512-1KGPpoxQWl9f6wcZh57LvrPIInQMn2TQ7jsgxqpRzg+l0QPOFvJVH7HmvHo/AiPgwXy+/Thf6Ov3EdVn1vOabg=="],

    "debug": ["debug@4.4.3", "", { "dependencies": { "ms": "^2.1.3" } }, "sha512-RGwwWnwQvkVfavKVt22FGLw+xYSdzARwm0ru6DhTVA3umU5hZc28V3kO4stgYryrTlLpuvgI9GiijltAjNbcqA=="],

    "gramio": ["gramio@0.8.1", "", { "dependencies": { "@gramio/callback-data": "^0.1.0", "@gramio/composer": "0.4.1", "@gramio/contexts": "^0.5.0", "@gramio/files": "^0.3.2", "@gramio/format": "^0.5.0", "@gramio/keyboards": "^1.3.1", "@gramio/types": "^9.5.0", "debug": "^4.4.3" } }, "sha512-WTrG875F0cxV5KyrD8hDlPPTBzu1hiu2qzOgLrlarXozexUxrVHXKKzGxVQMRBsON7rrLCgSAYItCbMwpFNx8A=="],

    "inspectable": ["inspectable@3.0.2", "", {}, "sha512-XHygPjNXXe1TWQLlVdCYLejUklsGGo+XWS3Cn/RlkvnhkbZqcQxoXPrSh7Via5aATYJUMWVnrD5CbW2c+BtKMA=="],

    "marked": ["marked@18.0.2", "", { "bin": { "marked": "bin/marked.js" } }, "sha512-NsmlUYBS/Zg57rgDWMYdnre6OTj4e+qq/JS2ot3KrYLSoHLw+sDu0Nm1ZGpRgYAq6c+b1ekaY5NzVchMCQnzcg=="],

    "ms": ["ms@2.1.3", "", {}, "sha512-6FlzubTLZG3J2a/NVCAleEhjzq5oxgHyaCU9yYXvcLsvoVaHJq/s5xXI6/XXP6tz7R9xAOtHnSO/tXtF3WRTlA=="],

    "typescript": ["typescript@5.9.3", "", { "bin": { "tsc": "bin/tsc", "tsserver": "bin/tsserver" } }, "sha512-jl1vZzPDinLr9eUt3J/t7V6FgNEw9QjvBPdysz9KfQDD41fQrC2Y4vKQdiaUpFT4bXlb1RHhLpp8wtm6M5TgSw=="],

    "undici-types": ["undici-types@7.18.2", "", {}, "sha512-AsuCzffGHJybSaRrmr5eHr81mwJU3kjw6M+uprWvCXiNeN9SOGwQ3Jn8jb8m3Z6izVgknn1R0FTCEAP2QrLY/w=="],
  }
}
